
Microsoft Visual Studio Solution File, Format Version 12.00
# Visual Studio Version 17
VisualStudioVersion = 17.9.34616.47
MinimumVisualStudioVersion = 10.0.40219.1
Project("{FAE04EC0-301F-11D3-BF4B-00C04F79EFBC}") = "PL", "PL\PL.csproj", "{73BE4602-4D8F-4AFD-98CF-43C2F5635A99}"
EndProject
Project("{FAE04EC0-301F-11D3-BF4B-00C04F79EFBC}") = "BLL", "BLL\BLL.csproj", "{09A7CD70-592E-41D2-AF0A-328F0C4EE261}"
EndProject
Project("{FAE04EC0-301F-11D3-BF4B-00C04F79EFBC}") = "DAL", "DAL\DAL.csproj", "{B358A8AA-57D2-40EF-A527-8B7D61EEDD89}"
EndProject
Global
	GlobalSection(SolutionConfigurationPlatforms) = preSolution
		Debug|Any CPU = Debug|Any CPU
		Release|Any CPU = Release|Any CPU
	EndGlobalSection
	GlobalSection(ProjectConfigurationPlatforms) = postSolution
		{73BE4602-4D8F-4AFD-98CF-43C2F5635A99}.Debug|Any CPU.ActiveCfg = Debug|Any CPU
		{73BE4602-4D8F-4AFD-98CF-43C2F5635A99}.Debug|Any CPU.Build.0 = Debug|Any CPU
		{73BE4602-4D8F-4AFD-98CF-43C2F5635A99}.Release|Any CPU.ActiveCfg = Release|Any CPU
		{73BE4602-4D8F-4AFD-98CF-43C2F5635A99}.Release|Any CPU.Build.0 = Release|Any CPU
		{09A7CD70-592E-41D2-AF0A-328F0C4EE261}.Debug|Any CPU.ActiveCfg = Debug|Any CPU
		{09A7CD70-592E-41D2-AF0A-328F0C4EE261}.Debug|Any CPU.Build.0 = Debug|Any CPU
		{09A7CD70-592E-41D2-AF0A-328F0C4EE261}.Release|Any CPU.ActiveCfg = Release|Any CPU
		{09A7CD70-592E-41D2-AF0A-328F0C4EE261}.Release|Any CPU.Build.0 = Release|Any CPU
		{B358A8AA-57D2-40EF-A527-8B7D61EEDD89}.Debug|Any CPU.ActiveCfg = Debug|Any CPU
		{B358A8AA-57D2-40EF-A527-8B7D61EEDD89}.Debug|Any CPU.Build.0 = Debug|Any CPU
		{B358A8AA-57D2-40EF-A527-8B7D61EEDD89}.Release|Any CPU.ActiveCfg = Release|Any CPU
		{B358A8AA-57D2-40EF-A527-8B7D61EEDD89}.Release|Any CPU.Build.0 = Release|Any CPU
	EndGlobalSection
	GlobalSection(SolutionProperties) = preSolution
		HideSolutionNode = FALSE
	EndGlobalSection
	GlobalSection(ExtensibilityGlobals) = postSolution
		SolutionGuid = {A5243E0D-552D-4C3C-95D8-DAC801346B5A}
	EndGlobalSection
EndGlobal
